{
  "name": "factory-engine",
  "version": "4.3.2",
  "lockfileVersion": 2,
  "requires": true,
  "packages": {
    "": {
      "name": "factory-engine",
      "version": "4.3.2",
      "license": "ISC",
      "dependencies": {
        "app-root-path": "^3.0.0",
        "xregexp": "^5.1.1"
      }
    },
    "node_modules/@babel/runtime-corejs3": {
      "version": "7.18.3",
      "resolved": "https://registry.npmjs.org/@babel/runtime-corejs3/-/runtime-corejs3-7.18.3.tgz",
      "integrity": "sha512-l4ddFwrc9rnR+EJsHsh+TJ4A35YqQz/UqcjtlX2ov53hlJYG5CxtQmNZxyajwDVmCxwy++rtvGU5HazCK4W41Q==",
      "dependencies": {
        "core-js-pure": "^3.20.2",
        "regenerator-runtime": "^0.13.4"
      },
      "engines": {
        "node": ">=6.9.0"
      }
    },
    "node_modules/app-root-path": {
      "version": "3.0.0",
      "resolved": "https://registry.npmjs.org/app-root-path/-/app-root-path-3.0.0.tgz",
      "integrity": "sha512-qMcx+Gy2UZynHjOHOIXPNvpf+9cjvk3cWrBBK7zg4gH9+clobJRb9NGzcT7mQTcV/6Gm/1WelUtqxVXnNlrwcw==",
      "engines": {
        "node": ">= 6.0.0"
      }
    },
    "node_modules/core-js-pure": {
      "version": "3.22.8",
      "resolved": "https://registry.npmjs.org/core-js-pure/-/core-js-pure-3.22.8.tgz",
      "integrity": "sha512-bOxbZIy9S5n4OVH63XaLVXZ49QKicjowDx/UELyJ68vxfCRpYsbyh/WNZNfEfAk+ekA8vSjt+gCDpvh672bc3w==",
      "hasInstallScript": true,
      "funding": {
        "type": "opencollective",
        "url": "https://opencollective.com/core-js"
      }
    },
    "node_modules/regenerator-runtime": {
      "version": "0.13.9",
      "resolved": "https://registry.npmjs.org/regenerator-runtime/-/regenerator-runtime-0.13.9.tgz",
      "integrity": "sha512-p3VT+cOEgxFsRRA9X4lkI1E+k2/CtnKtU4gcxyaCUreilL/vqI6CdZ3wxVUx3UOUg+gnUOQQcRI7BmSI656MYA=="
    },
    "node_modules/xregexp": {
      "version": "5.1.1",
      "resolved": "https://registry.npmjs.org/xregexp/-/xregexp-5.1.1.tgz",
      "integrity": "sha512-fKXeVorD+CzWvFs7VBuKTYIW63YD1e1osxwQ8caZ6o1jg6pDAbABDG54LCIq0j5cy7PjRvGIq6sef9DYPXpncg==",
      "dependencies": {
        "@babel/runtime-corejs3": "^7.16.5"
      }
    }
  },
  "dependencies": {
    "@babel/runtime-corejs3": {
      "version": "7.18.3",
      "resolved": "https://registry.npmjs.org/@babel/runtime-corejs3/-/runtime-corejs3-7.18.3.tgz",
      "integrity": "sha512-l4ddFwrc9rnR+EJsHsh+TJ4A35YqQz/UqcjtlX2ov53hlJYG5CxtQmNZxyajwDVmCxwy++rtvGU5HazCK4W41Q==",
      "requires": {
        "core-js-pure": "^3.20.2",
        "regenerator-runtime": "^0.13.4"
      }
    },
    "app-root-path": {
      "version": "3.0.0",
      "resolved": "https://registry.npmjs.org/app-root-path/-/app-root-path-3.0.0.tgz",
      "integrity": "sha512-qMcx+Gy2UZynHjOHOIXPNvpf+9cjvk3cWrBBK7zg4gH9+clobJRb9NGzcT7mQTcV/6Gm/1WelUtqxVXnNlrwcw=="
    },
    "core-js-pure": {
      "version": "3.22.8",
      "resolved": "https://registry.npmjs.org/core-js-pure/-/core-js-pure-3.22.8.tgz",
      "integrity": "sha512-bOxbZIy9S5n4OVH63XaLVXZ49QKicjowDx/UELyJ68vxfCRpYsbyh/WNZNfEfAk+ekA8vSjt+gCDpvh672bc3w=="
    },
    "regenerator-runtime": {
      "version": "0.13.9",
      "resolved": "https://registry.npmjs.org/regenerator-runtime/-/regenerator-runtime-0.13.9.tgz",
      "integrity": "sha512-p3VT+cOEgxFsRRA9X4lkI1E+k2/CtnKtU4gcxyaCUreilL/vqI6CdZ3wxVUx3UOUg+gnUOQQcRI7BmSI656MYA=="
    },
    "xregexp": {
      "version": "5.1.1",
      "resolved": "https://registry.npmjs.org/xregexp/-/xregexp-5.1.1.tgz",
      "integrity": "sha512-fKXeVorD+CzWvFs7VBuKTYIW63YD1e1osxwQ8caZ6o1jg6pDAbABDG54LCIq0j5cy7PjRvGIq6sef9DYPXpncg==",
      "requires": {
        "@babel/runtime-corejs3": "^7.16.5"
      }
    }
  }
}
